
Microsoft Visual Studio Solution File, Format Version 12.00
# Visual Studio 15
Project("{FAE04EC0-301F-11D3-BF4B-00C04F79EFBC}") = "Assembly-CSharp-firstpass", "Assembly-CSharp-firstpass.csproj", "{F803E79D-F9D6-5120-0B57-1BF1A5890F37}"
EndProject
Project("{FAE04EC0-301F-11D3-BF4B-00C04F79EFBC}") = "Assembly-CSharp", "Assembly-CSharp.csproj", "{12BE5D4A-230A-FF04-93D5-33B9C1BA5BD4}"
EndProject
Project("{FAE04EC0-301F-11D3-BF4B-00C04F79EFBC}") = "Assembly-CSharp-Editor-firstpass", "Assembly-CSharp-Editor-firstpass.csproj", "{0589A018-37A8-AF1B-1FA2-F66681EAF501}"
EndProject
Global
	GlobalSection(SolutionConfigurationPlatforms) = preSolution
		Debug|Any CPU = Debug|Any CPU
		Release|Any CPU = Release|Any CPU
	EndGlobalSection
	GlobalSection(ProjectConfigurationPlatforms) = postSolution
		{F803E79D-F9D6-5120-0B57-1BF1A5890F37}.Debug|Any CPU.ActiveCfg = Debug|Any CPU
		{F803E79D-F9D6-5120-0B57-1BF1A5890F37}.Debug|Any CPU.Build.0 = Debug|Any CPU
		{F803E79D-F9D6-5120-0B57-1BF1A5890F37}.Release|Any CPU.ActiveCfg = Release|Any CPU
		{F803E79D-F9D6-5120-0B57-1BF1A5890F37}.Release|Any CPU.Build.0 = Release|Any CPU
		{12BE5D4A-230A-FF04-93D5-33B9C1BA5BD4}.Debug|Any CPU.ActiveCfg = Debug|Any CPU
		{12BE5D4A-230A-FF04-93D5-33B9C1BA5BD4}.Debug|Any CPU.Build.0 = Debug|Any CPU
		{12BE5D4A-230A-FF04-93D5-33B9C1BA5BD4}.Release|Any CPU.ActiveCfg = Release|Any CPU
		{12BE5D4A-230A-FF04-93D5-33B9C1BA5BD4}.Release|Any CPU.Build.0 = Release|Any CPU
		{0589A018-37A8-AF1B-1FA2-F66681EAF501}.Debug|Any CPU.ActiveCfg = Debug|Any CPU
		{0589A018-37A8-AF1B-1FA2-F66681EAF501}.Debug|Any CPU.Build.0 = Debug|Any CPU
		{0589A018-37A8-AF1B-1FA2-F66681EAF501}.Release|Any CPU.ActiveCfg = Release|Any CPU
		{0589A018-37A8-AF1B-1FA2-F66681EAF501}.Release|Any CPU.Build.0 = Release|Any CPU
	EndGlobalSection
	GlobalSection(SolutionProperties) = preSolution
		HideSolutionNode = FALSE
	EndGlobalSection
EndGlobal
